// !$*UTF8*$!
{
	archiveVersion = 1;
	classes = {
	};
	objectVersion = 46;
	objects = {

/* Begin PBXBuildFile section */
		770270F91D421A55004AD0AD /* SYPageTopView.m in Sources */ = {isa = PBXBuildFile; fileRef = 770270F81D421A55004AD0AD /* SYPageTopView.m */; };
		770377FC1D472E98001E435D /* SYGasGaugeView.m in Sources */ = {isa = PBXBuildFile; fileRef = 770377FB1D472E98001E435D /* SYGasGaugeView.m */; };
		770377FF1D4755F5001E435D /* SYDtcCode.m in Sources */ = {isa = PBXBuildFile; fileRef = 770377FE1D4755F5001E435D /* SYDtcCode.m */; };
		770378021D475E1F001E435D /* SYPhysicalController.m in Sources */ = {isa = PBXBuildFile; fileRef = 770378011D475E1F001E435D /* SYPhysicalController.m */; };
		77113B401D349D5F00E30577 /* SYPhysicalCell.m in Sources */ = {isa = PBXBuildFile; fileRef = 77113B3F1D349D5F00E30577 /* SYPhysicalCell.m */; };
		77113B431D34CE5300E30577 /* SYURLSessionManager.m in Sources */ = {isa = PBXBuildFile; fileRef = 77113B421D34CE5300E30577 /* SYURLSessionManager.m */; };
		77113B461D34E4C700E30577 /* SYCurrentLocationController.m in Sources */ = {isa = PBXBuildFile; fileRef = 77113B451D34E4C700E30577 /* SYCurrentLocationController.m */; };
		7720FDCC1D2DFB9D00713986 /* SYTravelDetailsController.m in Sources */ = {isa = PBXBuildFile; fileRef = 7720FDCB1D2DFB9D00713986 /* SYTravelDetailsController.m */; };
		7720FDCF1D2DFCDE00713986 /* SYTravelDetailsCell.m in Sources */ = {isa = PBXBuildFile; fileRef = 7720FDCE1D2DFCDE00713986 /* SYTravelDetailsCell.m */; };
		7720FDD21D2E00D300713986 /* SYBaseCell.m in Sources */ = {isa = PBXBuildFile; fileRef = 7720FDD11D2E00D300713986 /* SYBaseCell.m */; };
		7720FDD51D2E087E00713986 /* SYUtil.m in Sources */ = {isa = PBXBuildFile; fileRef = 7720FDD41D2E087E00713986 /* SYUtil.m */; };
		7720FDD81D2E30A300713986 /* SYTravelReplayController.mm in Sources */ = {isa = PBXBuildFile; fileRef = 7720FDD71D2E30A300713986 /* SYTravelReplayController.mm */; };
		7720FDDB1D2E401600713986 /* SYTravelSportNode.m in Sources */ = {isa = PBXBuildFile; fileRef = 7720FDDA1D2E401600713986 /* SYTravelSportNode.m */; };
		777417401D3B2856006083B3 /* SYGeofence.m in Sources */ = {isa = PBXBuildFile; fileRef = 7774173F1D3B2856006083B3 /* SYGeofence.m */; };
		778768A41D3F665F006EAA50 /* SYAlarmStatController.m in Sources */ = {isa = PBXBuildFile; fileRef = 778768A31D3F665F006EAA50 /* SYAlarmStatController.m */; };
		778768A71D3F68CB006EAA50 /* SYAlarmStatCell.m in Sources */ = {isa = PBXBuildFile; fileRef = 778768A61D3F68CB006EAA50 /* SYAlarmStatCell.m */; };
		779293591D2AABEB006A7E5E /* SYHomeAlarmView.m in Sources */ = {isa = PBXBuildFile; fileRef = 779293581D2AABEB006A7E5E /* SYHomeAlarmView.m */; };
		7792935F1D2AC2DA006A7E5E /* UIImage+Color.m in Sources */ = {isa = PBXBuildFile; fileRef = 7792935E1D2AC2DA006A7E5E /* UIImage+Color.m */; };
		7793197C1D353A6E0011DDAB /* SYLocationNavView.m in Sources */ = {isa = PBXBuildFile; fileRef = 7793197B1D353A6E0011DDAB /* SYLocationNavView.m */; };
		779443761D2B44440064C8DB /* SYTravelController.m in Sources */ = {isa = PBXBuildFile; fileRef = 779443751D2B44440064C8DB /* SYTravelController.m */; };
		779443791D2B5E880064C8DB /* SYTravelCell.m in Sources */ = {isa = PBXBuildFile; fileRef = 779443781D2B5E880064C8DB /* SYTravelCell.m */; };
		7794437C1D2B757C0064C8DB /* SYAlarmController.m in Sources */ = {isa = PBXBuildFile; fileRef = 7794437B1D2B757C0064C8DB /* SYAlarmController.m */; };
		779443811D2B76740064C8DB /* SYStatController.storyboard in Resources */ = {isa = PBXBuildFile; fileRef = 779443801D2B76740064C8DB /* SYStatController.storyboard */; };
		779443841D2B80010064C8DB /* SYLoginController.m in Sources */ = {isa = PBXBuildFile; fileRef = 779443831D2B80010064C8DB /* SYLoginController.m */; };
		7794438B1D2BAAE50064C8DB /* SYUser.m in Sources */ = {isa = PBXBuildFile; fileRef = 7794438A1D2BAAE50064C8DB /* SYUser.m */; };
		7794438E1D2BB1570064C8DB /* SYVehicle.m in Sources */ = {isa = PBXBuildFile; fileRef = 7794438D1D2BB1570064C8DB /* SYVehicle.m */; };
		779443911D2BB3320064C8DB /* SYAppManager.m in Sources */ = {isa = PBXBuildFile; fileRef = 779443901D2BB3320064C8DB /* SYAppManager.m */; };
		7799AF381D2CA277006E332C /* SYVehiclePosition.m in Sources */ = {isa = PBXBuildFile; fileRef = 7799AF371D2CA277006E332C /* SYVehiclePosition.m */; };
		7799AF3B1D2CCEA4006E332C /* SYProgressView.m in Sources */ = {isa = PBXBuildFile; fileRef = 7799AF3A1D2CCEA4006E332C /* SYProgressView.m */; };
		7799AF3E1D2CF46A006E332C /* SYTravel.m in Sources */ = {isa = PBXBuildFile; fileRef = 7799AF3D1D2CF46A006E332C /* SYTravel.m */; };
		779D52451D33E5F9008628AC /* SYModifyPwdController.m in Sources */ = {isa = PBXBuildFile; fileRef = 779D52401D33E5F9008628AC /* SYModifyPwdController.m */; };
		779D52461D33E5F9008628AC /* SYPersonalInfoController.m in Sources */ = {isa = PBXBuildFile; fileRef = 779D52421D33E5F9008628AC /* SYPersonalInfoController.m */; };
		779D52471D33E5F9008628AC /* SYSettingMileageController.m in Sources */ = {isa = PBXBuildFile; fileRef = 779D52441D33E5F9008628AC /* SYSettingMileageController.m */; };
		77A302C41D37BC8C00DB9F3B /* SYAboutController.m in Sources */ = {isa = PBXBuildFile; fileRef = 77A302C31D37BC8C00DB9F3B /* SYAboutController.m */; };
		77A302C71D37D0C000DB9F3B /* SYVersionController.m in Sources */ = {isa = PBXBuildFile; fileRef = 77A302C61D37D0C000DB9F3B /* SYVersionController.m */; };
		77A67E0C1D2A04B700B071ED /* UIColor+HEX.m in Sources */ = {isa = PBXBuildFile; fileRef = 77A67E0B1D2A04B700B071ED /* UIColor+HEX.m */; };
		77A67E121D2A324900B071ED /* SYHomeGaugeView.m in Sources */ = {isa = PBXBuildFile; fileRef = 77A67E111D2A324900B071ED /* SYHomeGaugeView.m */; };
		77A67E1B1D2A60A300B071ED /* SYButton.m in Sources */ = {isa = PBXBuildFile; fileRef = 77A67E1A1D2A60A300B071ED /* SYButton.m */; };
		77AEEAB01D4B24AC00969B0D /* SYSpeedGaugeView.m in Sources */ = {isa = PBXBuildFile; fileRef = 77AEEAAF1D4B24AC00969B0D /* SYSpeedGaugeView.m */; };
		77BF91F91D368C9D00132C61 /* NSDate+Extension.m in Sources */ = {isa = PBXBuildFile; fileRef = 77BF91F81D368C9D00132C61 /* NSDate+Extension.m */; };
		77BF91FC1D369B6300132C61 /* SYGasStatDetailsController.m in Sources */ = {isa = PBXBuildFile; fileRef = 77BF91FB1D369B6300132C61 /* SYGasStatDetailsController.m */; };
		77CC404D1D42572B00F29148 /* NSDate+Formatter.m in Sources */ = {isa = PBXBuildFile; fileRef = 77CC404C1D42572B00F29148 /* NSDate+Formatter.m */; };
		77CC40501D43BFCC00F29148 /* SYMineMenuView.m in Sources */ = {isa = PBXBuildFile; fileRef = 77CC404F1D43BFCC00F29148 /* SYMineMenuView.m */; };
		77CC40871D464AD600F29148 /* SYForgotPwdController.m in Sources */ = {isa = PBXBuildFile; fileRef = 77CC40861D464AD600F29148 /* SYForgotPwdController.m */; };
		77CE636A1D2BF72E0071EA7C /* JSONKit.m in Sources */ = {isa = PBXBuildFile; fileRef = 77CE63691D2BF72E0071EA7C /* JSONKit.m */; settings = {COMPILER_FLAGS = "-fno-objc-arc"; }; };
		77CE63731D2C0CC90071EA7C /* SYApiServer.m in Sources */ = {isa = PBXBuildFile; fileRef = 77CE63701D2C0CC90071EA7C /* SYApiServer.m */; };
		77CE63741D2C0CC90071EA7C /* SYAuthURLSessionManager.m in Sources */ = {isa = PBXBuildFile; fileRef = 77CE63721D2C0CC90071EA7C /* SYAuthURLSessionManager.m */; };
		77DBDD711D36143F009EEDD4 /* SYGasStatController.m in Sources */ = {isa = PBXBuildFile; fileRef = 77DBDD701D36143F009EEDD4 /* SYGasStatController.m */; };
		77DBDD741D3614D2009EEDD4 /* SYOilExceptionController.m in Sources */ = {isa = PBXBuildFile; fileRef = 77DBDD731D3614D2009EEDD4 /* SYOilExceptionController.m */; };
		77DBDD771D361960009EEDD4 /* SYGasStatCell.m in Sources */ = {isa = PBXBuildFile; fileRef = 77DBDD761D361960009EEDD4 /* SYGasStatCell.m */; };
		77DF1B2A1D372CFA00133615 /* UIView+Border.m in Sources */ = {isa = PBXBuildFile; fileRef = 77DF1B291D372CFA00133615 /* UIView+Border.m */; };
		77DF1B2D1D37515D00133615 /* SYOilExceptionCell.m in Sources */ = {isa = PBXBuildFile; fileRef = 77DF1B2C1D37515D00133615 /* SYOilExceptionCell.m */; };
		77DF1B301D37645A00133615 /* SYTravelIInfoController.m in Sources */ = {isa = PBXBuildFile; fileRef = 77DF1B2F1D37645A00133615 /* SYTravelIInfoController.m */; };
		77ED36321D4936B300836359 /* SYMainController.m in Sources */ = {isa = PBXBuildFile; fileRef = 77ED36311D4936B300836359 /* SYMainController.m */; };
		77ED36351D49377C00836359 /* SYMainTabBarView.m in Sources */ = {isa = PBXBuildFile; fileRef = 77ED36341D49377C00836359 /* SYMainTabBarView.m */; };
		77ED36381D49A37600836359 /* SYMainNavView.m in Sources */ = {isa = PBXBuildFile; fileRef = 77ED36371D49A37600836359 /* SYMainNavView.m */; };
		77EE9A231D2F6FD70076968D /* SYAlarmCell.m in Sources */ = {isa = PBXBuildFile; fileRef = 77EE9A221D2F6FD70076968D /* SYAlarmCell.m */; };
		77EE9A261D2F76F50076968D /* SYAlarm.m in Sources */ = {isa = PBXBuildFile; fileRef = 77EE9A251D2F76F50076968D /* SYAlarm.m */; };
		77F365FA1D38B0F10051F600 /* SYPickerDateView.m in Sources */ = {isa = PBXBuildFile; fileRef = 77F365F91D38B0F10051F600 /* SYPickerDateView.m */; };
		77FF1E141D3CD33F00C75378 /* SYHomeTravelView.m in Sources */ = {isa = PBXBuildFile; fileRef = 77FF1E131D3CD33F00C75378 /* SYHomeTravelView.m */; };
		8E4CCF46A0DC33FC414B7E22 /* libPods.a in Frameworks */ = {isa = PBXBuildFile; fileRef = 80543B6E7895C06D58B9344F /* libPods.a */; };
		A208966F1D1ECE2D00A626FC /* main.m in Sources */ = {isa = PBXBuildFile; fileRef = A208966E1D1ECE2D00A626FC /* main.m */; };
		A20896721D1ECE2D00A626FC /* AppDelegate.m in Sources */ = {isa = PBXBuildFile; fileRef = A20896711D1ECE2D00A626FC /* AppDelegate.m */; };
		A208967A1D1ECE2D00A626FC /* Assets.xcassets in Resources */ = {isa = PBXBuildFile; fileRef = A20896791D1ECE2D00A626FC /* Assets.xcassets */; };
		A208967D1D1ECE2D00A626FC /* LaunchScreen.storyboard in Resources */ = {isa = PBXBuildFile; fileRef = A208967B1D1ECE2D00A626FC /* LaunchScreen.storyboard */; };
		A20896881D1ECE2D00A626FC /* SmartCarTests.m in Sources */ = {isa = PBXBuildFile; fileRef = A20896871D1ECE2D00A626FC /* SmartCarTests.m */; };
		A20896B31D1ED27F00A626FC /* SYBaseController.m in Sources */ = {isa = PBXBuildFile; fileRef = A20896B01D1ED27F00A626FC /* SYBaseController.m */; };
		A20896B61D1ED2A700A626FC /* SYRootController.m in Sources */ = {isa = PBXBuildFile; fileRef = A20896B51D1ED2A700A626FC /* SYRootController.m */; };
		A20896BA1D1ED3AB00A626FC /* SYHomeController.m in Sources */ = {isa = PBXBuildFile; fileRef = A20896B91D1ED3AB00A626FC /* SYHomeController.m */; };
		A20896BD1D1ED45000A626FC /* SYNavigationController.m in Sources */ = {isa = PBXBuildFile; fileRef = A20896BC1D1ED45000A626FC /* SYNavigationController.m */; };
		A20896C51D1ED8C000A626FC /* SYMineController.m in Sources */ = {isa = PBXBuildFile; fileRef = A20896C41D1ED8C000A626FC /* SYMineController.m */; };
		A20896C81D1ED8EA00A626FC /* SYStatController.m in Sources */ = {isa = PBXBuildFile; fileRef = A20896C71D1ED8EA00A626FC /* SYStatController.m */; };
		A27909551D2404D200880755 /* SYPickerAlertView.m in Sources */ = {isa = PBXBuildFile; fileRef = A27909541D2404D200880755 /* SYPickerAlertView.m */; };
		A27909581D2406AB00880755 /* SYCarSwitchView.m in Sources */ = {isa = PBXBuildFile; fileRef = A27909571D2406AB00880755 /* SYCarSwitchView.m */; };
		A2884CE81D22B3AD00C3E8B3 /* UIView+Frame.m in Sources */ = {isa = PBXBuildFile; fileRef = A2884CE71D22B3AD00C3E8B3 /* UIView+Frame.m */; };
/* End PBXBuildFile section */

/* Begin PBXContainerItemProxy section */
		A20896841D1ECE2D00A626FC /* PBXContainerItemProxy */ = {
			isa = PBXContainerItemProxy;
			containerPortal = A20896621D1ECE2D00A626FC /* Project object */;
			proxyType = 1;
			remoteGlobalIDString = A20896691D1ECE2D00A626FC;
			remoteInfo = SmartCar;
		};
/* End PBXContainerItemProxy section */

/* Begin PBXFileReference section */
		1F45FD21067B0CBE24BB868A /* Pods.release.xcconfig */ = {isa = PBXFileReference; includeInIndex = 1; lastKnownFileType = text.xcconfig; name = Pods.release.xcconfig; path = "Pods/Target Support Files/Pods/Pods.release.xcconfig"; sourceTree = "<group>"; };
		65BA3DC3D94AC7A1630B4F7A /* Pods.debug.xcconfig */ = {isa = PBXFileReference; includeInIndex = 1; lastKnownFileType = text.xcconfig; name = Pods.debug.xcconfig; path = "Pods/Target Support Files/Pods/Pods.debug.xcconfig"; sourceTree = "<group>"; };
		770270F71D421A55004AD0AD /* SYPageTopView.h */ = {isa = PBXFileReference; fileEncoding = 4; lastKnownFileType = sourcecode.c.h; path = SYPageTopView.h; sourceTree = "<group>"; };
		770270F81D421A55004AD0AD /* SYPageTopView.m */ = {isa = PBXFileReference; fileEncoding = 4; lastKnownFileType = sourcecode.c.objc; path = SYPageTopView.m; sourceTree = "<group>"; };
		770377FA1D472E98001E435D /* SYGasGaugeView.h */ = {isa = PBXFileReference; fileEncoding = 4; lastKnownFileType = sourcecode.c.h; path = SYGasGaugeView.h; sourceTree = "<group>"; };
		770377FB1D472E98001E435D /* SYGasGaugeView.m */ = {isa = PBXFileReference; fileEncoding = 4; lastKnownFileType = sourcecode.c.objc; path = SYGasGaugeView.m; sourceTree = "<group>"; };
		770377FD1D4755F5001E435D /* SYDtcCode.h */ = {isa = PBXFileReference; fileEncoding = 4; lastKnownFileType = sourcecode.c.h; path = SYDtcCode.h; sourceTree = "<group>"; };
		770377FE1D4755F5001E435D /* SYDtcCode.m */ = {isa = PBXFileReference; fileEncoding = 4; lastKnownFileType = sourcecode.c.objc; path = SYDtcCode.m; sourceTree = "<group>"; };
		770378001D475E1F001E435D /* SYPhysicalController.h */ = {isa = PBXFileReference; fileEncoding = 4; lastKnownFileType = sourcecode.c.h; path = SYPhysicalController.h; sourceTree = "<group>"; };
		770378011D475E1F001E435D /* SYPhysicalController.m */ = {isa = PBXFileReference; fileEncoding = 4; lastKnownFileType = sourcecode.c.objc; path = SYPhysicalController.m; sourceTree = "<group>"; };
		77113B3E1D349D5F00E30577 /* SYPhysicalCell.h */ = {isa = PBXFileReference; fileEncoding = 4; lastKnownFileType = sourcecode.c.h; path = SYPhysicalCell.h; sourceTree = "<group>"; };
		77113B3F1D349D5F00E30577 /* SYPhysicalCell.m */ = {isa = PBXFileReference; fileEncoding = 4; lastKnownFileType = sourcecode.c.objc; path = SYPhysicalCell.m; sourceTree = "<group>"; };
		77113B411D34CE5300E30577 /* SYURLSessionManager.h */ = {isa = PBXFileReference; fileEncoding = 4; lastKnownFileType = sourcecode.c.h; path = SYURLSessionManager.h; sourceTree = "<group>"; };
		77113B421D34CE5300E30577 /* SYURLSessionManager.m */ = {isa = PBXFileReference; fileEncoding = 4; lastKnownFileType = sourcecode.c.objc; path = SYURLSessionManager.m; sourceTree = "<group>"; };
		77113B441D34E4C700E30577 /* SYCurrentLocationController.h */ = {isa = PBXFileReference; fileEncoding = 4; lastKnownFileType = sourcecode.c.h; path = SYCurrentLocationController.h; sourceTree = "<group>"; };
		77113B451D34E4C700E30577 /* SYCurrentLocationController.m */ = {isa = PBXFileReference; fileEncoding = 4; lastKnownFileType = sourcecode.c.objc; path = SYCurrentLocationController.m; sourceTree = "<group>"; };
		7720FDCA1D2DFB9D00713986 /* SYTravelDetailsController.h */ = {isa = PBXFileReference; fileEncoding = 4; lastKnownFileType = sourcecode.c.h; path = SYTravelDetailsController.h; sourceTree = "<group>"; };
		7720FDCB1D2DFB9D00713986 /* SYTravelDetailsController.m */ = {isa = PBXFileReference; fileEncoding = 4; lastKnownFileType = sourcecode.c.objc; path = SYTravelDetailsController.m; sourceTree = "<group>"; };
		7720FDCD1D2DFCDE00713986 /* SYTravelDetailsCell.h */ = {isa = PBXFileReference; fileEncoding = 4; lastKnownFileType = sourcecode.c.h; path = SYTravelDetailsCell.h; sourceTree = "<group>"; };
		7720FDCE1D2DFCDE00713986 /* SYTravelDetailsCell.m */ = {isa = PBXFileReference; fileEncoding = 4; lastKnownFileType = sourcecode.c.objc; path = SYTravelDetailsCell.m; sourceTree = "<group>"; };
		7720FDD01D2E00D300713986 /* SYBaseCell.h */ = {isa = PBXFileReference; fileEncoding = 4; lastKnownFileType = sourcecode.c.h; path = SYBaseCell.h; sourceTree = "<group>"; };
		7720FDD11D2E00D300713986 /* SYBaseCell.m */ = {isa = PBXFileReference; fileEncoding = 4; lastKnownFileType = sourcecode.c.objc; path = SYBaseCell.m; sourceTree = "<group>"; };
		7720FDD31D2E087E00713986 /* SYUtil.h */ = {isa = PBXFileReference; fileEncoding = 4; lastKnownFileType = sourcecode.c.h; path = SYUtil.h; sourceTree = "<group>"; };
		7720FDD41D2E087E00713986 /* SYUtil.m */ = {isa = PBXFileReference; fileEncoding = 4; lastKnownFileType = sourcecode.c.objc; path = SYUtil.m; sourceTree = "<group>"; };
		7720FDD61D2E30A300713986 /* SYTravelReplayController.h */ = {isa = PBXFileReference; fileEncoding = 4; lastKnownFileType = sourcecode.c.h; path = SYTravelReplayController.h; sourceTree = "<group>"; };
		7720FDD71D2E30A300713986 /* SYTravelReplayController.mm */ = {isa = PBXFileReference; fileEncoding = 4; lastKnownFileType = sourcecode.cpp.objcpp; path = SYTravelReplayController.mm; sourceTree = "<group>"; };
		7720FDD91D2E401600713986 /* SYTravelSportNode.h */ = {isa = PBXFileReference; fileEncoding = 4; lastKnownFileType = sourcecode.c.h; path = SYTravelSportNode.h; sourceTree = "<group>"; };
		7720FDDA1D2E401600713986 /* SYTravelSportNode.m */ = {isa = PBXFileReference; fileEncoding = 4; lastKnownFileType = sourcecode.c.objc; path = SYTravelSportNode.m; sourceTree = "<group>"; };
		7774173E1D3B2856006083B3 /* SYGeofence.h */ = {isa = PBXFileReference; fileEncoding = 4; lastKnownFileType = sourcecode.c.h; path = SYGeofence.h; sourceTree = "<group>"; };
		7774173F1D3B2856006083B3 /* SYGeofence.m */ = {isa = PBXFileReference; fileEncoding = 4; lastKnownFileType = sourcecode.c.objc; path = SYGeofence.m; sourceTree = "<group>"; };
		778768A21D3F665F006EAA50 /* SYAlarmStatController.h */ = {isa = PBXFileReference; fileEncoding = 4; lastKnownFileType = sourcecode.c.h; path = SYAlarmStatController.h; sourceTree = "<group>"; };
		778768A31D3F665F006EAA50 /* SYAlarmStatController.m */ = {isa = PBXFileReference; fileEncoding = 4; lastKnownFileType = sourcecode.c.objc; path = SYAlarmStatController.m; sourceTree = "<group>"; };
		778768A51D3F68CB006EAA50 /* SYAlarmStatCell.h */ = {isa = PBXFileReference; fileEncoding = 4; lastKnownFileType = sourcecode.c.h; path = SYAlarmStatCell.h; sourceTree = "<group>"; };
		778768A61D3F68CB006EAA50 /* SYAlarmStatCell.m */ = {isa = PBXFileReference; fileEncoding = 4; lastKnownFileType = sourcecode.c.objc; path = SYAlarmStatCell.m; sourceTree = "<group>"; };
		779293571D2AABEB006A7E5E /* SYHomeAlarmView.h */ = {isa = PBXFileReference; fileEncoding = 4; lastKnownFileType = sourcecode.c.h; path = SYHomeAlarmView.h; sourceTree = "<group>"; };
		779293581D2AABEB006A7E5E /* SYHomeAlarmView.m */ = {isa = PBXFileReference; fileEncoding = 4; lastKnownFileType = sourcecode.c.objc; path = SYHomeAlarmView.m; sourceTree = "<group>"; };
		7792935D1D2AC2DA006A7E5E /* UIImage+Color.h */ = {isa = PBXFileReference; fileEncoding = 4; lastKnownFileType = sourcecode.c.h; path = "UIImage+Color.h"; sourceTree = "<group>"; };
		7792935E1D2AC2DA006A7E5E /* UIImage+Color.m */ = {isa = PBXFileReference; fileEncoding = 4; lastKnownFileType = sourcecode.c.objc; path = "UIImage+Color.m"; sourceTree = "<group>"; };
		7793197A1D353A6E0011DDAB /* SYLocationNavView.h */ = {isa = PBXFileReference; fileEncoding = 4; lastKnownFileType = sourcecode.c.h; path = SYLocationNavView.h; sourceTree = "<group>"; };
		7793197B1D353A6E0011DDAB /* SYLocationNavView.m */ = {isa = PBXFileReference; fileEncoding = 4; lastKnownFileType = sourcecode.c.objc; path = SYLocationNavView.m; sourceTree = "<group>"; };
		779443741D2B44440064C8DB /* SYTravelController.h */ = {isa = PBXFileReference; fileEncoding = 4; lastKnownFileType = sourcecode.c.h; path = SYTravelController.h; sourceTree = "<group>"; };
		779443751D2B44440064C8DB /* SYTravelController.m */ = {isa = PBXFileReference; fileEncoding = 4; lastKnownFileType = sourcecode.c.objc; path = SYTravelController.m; sourceTree = "<group>"; };
		779443771D2B5E880064C8DB /* SYTravelCell.h */ = {isa = PBXFileReference; fileEncoding = 4; lastKnownFileType = sourcecode.c.h; path = SYTravelCell.h; sourceTree = "<group>"; };
		779443781D2B5E880064C8DB /* SYTravelCell.m */ = {isa = PBXFileReference; fileEncoding = 4; lastKnownFileType = sourcecode.c.objc; path = SYTravelCell.m; sourceTree = "<group>"; };
		7794437A1D2B757C0064C8DB /* SYAlarmController.h */ = {isa = PBXFileReference; fileEncoding = 4; lastKnownFileType = sourcecode.c.h; path = SYAlarmController.h; sourceTree = "<group>"; };
		7794437B1D2B757C0064C8DB /* SYAlarmController.m */ = {isa = PBXFileReference; fileEncoding = 4; lastKnownFileType = sourcecode.c.objc; path = SYAlarmController.m; sourceTree = "<group>"; };
		779443801D2B76740064C8DB /* SYStatController.storyboard */ = {isa = PBXFileReference; fileEncoding = 4; lastKnownFileType = file.storyboard; path = SYStatController.storyboard; sourceTree = "<group>"; };
		779443821D2B80010064C8DB /* SYLoginController.h */ = {isa = PBXFileReference; fileEncoding = 4; lastKnownFileType = sourcecode.c.h; path = SYLoginController.h; sourceTree = "<group>"; };
		779443831D2B80010064C8DB /* SYLoginController.m */ = {isa = PBXFileReference; fileEncoding = 4; lastKnownFileType = sourcecode.c.objc; path = SYLoginController.m; sourceTree = "<group>"; };
		779443891D2BAAE50064C8DB /* SYUser.h */ = {isa = PBXFileReference; fileEncoding = 4; lastKnownFileType = sourcecode.c.h; path = SYUser.h; sourceTree = "<group>"; };
		7794438A1D2BAAE50064C8DB /* SYUser.m */ = {isa = PBXFileReference; fileEncoding = 4; lastKnownFileType = sourcecode.c.objc; path = SYUser.m; sourceTree = "<group>"; };
		7794438C1D2BB1570064C8DB /* SYVehicle.h */ = {isa = PBXFileReference; fileEncoding = 4; lastKnownFileType = sourcecode.c.h; path = SYVehicle.h; sourceTree = "<group>"; };
		7794438D1D2BB1570064C8DB /* SYVehicle.m */ = {isa = PBXFileReference; fileEncoding = 4; lastKnownFileType = sourcecode.c.objc; path = SYVehicle.m; sourceTree = "<group>"; };
		7794438F1D2BB3320064C8DB /* SYAppManager.h */ = {isa = PBXFileReference; fileEncoding = 4; lastKnownFileType = sourcecode.c.h; path = SYAppManager.h; sourceTree = "<group>"; };
		779443901D2BB3320064C8DB /* SYAppManager.m */ = {isa = PBXFileReference; fileEncoding = 4; lastKnownFileType = sourcecode.c.objc; path = SYAppManager.m; sourceTree = "<group>"; };
		7799AF361D2CA277006E332C /* SYVehiclePosition.h */ = {isa = PBXFileReference; fileEncoding = 4; lastKnownFileType = sourcecode.c.h; path = SYVehiclePosition.h; sourceTree = "<group>"; };
		7799AF371D2CA277006E332C /* SYVehiclePosition.m */ = {isa = PBXFileReference; fileEncoding = 4; lastKnownFileType = sourcecode.c.objc; path = SYVehiclePosition.m; sourceTree = "<group>"; };
		7799AF391D2CCEA4006E332C /* SYProgressView.h */ = {isa = PBXFileReference; fileEncoding = 4; lastKnownFileType = sourcecode.c.h; path = SYProgressView.h; sourceTree = "<group>"; };
		7799AF3A1D2CCEA4006E332C /* SYProgressView.m */ = {isa = PBXFileReference; fileEncoding = 4; lastKnownFileType = sourcecode.c.objc; path = SYProgressView.m; sourceTree = "<group>"; };
		7799AF3C1D2CF46A006E332C /* SYTravel.h */ = {isa = PBXFileReference; fileEncoding = 4; lastKnownFileType = sourcecode.c.h; path = SYTravel.h; sourceTree = "<group>"; };
		7799AF3D1D2CF46A006E332C /* SYTravel.m */ = {isa = PBXFileReference; fileEncoding = 4; lastKnownFileType = sourcecode.c.objc; path = SYTravel.m; sourceTree = "<group>"; };
		779D523F1D33E5F9008628AC /* SYModifyPwdController.h */ = {isa = PBXFileReference; fileEncoding = 4; lastKnownFileType = sourcecode.c.h; path = SYModifyPwdController.h; sourceTree = "<group>"; };
		779D52401D33E5F9008628AC /* SYModifyPwdController.m */ = {isa = PBXFileReference; fileEncoding = 4; lastKnownFileType = sourcecode.c.objc; path = SYModifyPwdController.m; sourceTree = "<group>"; };
		779D52411D33E5F9008628AC /* SYPersonalInfoController.h */ = {isa = PBXFileReference; fileEncoding = 4; lastKnownFileType = sourcecode.c.h; path = SYPersonalInfoController.h; sourceTree = "<group>"; };
		779D52421D33E5F9008628AC /* SYPersonalInfoController.m */ = {isa = PBXFileReference; fileEncoding = 4; lastKnownFileType = sourcecode.c.objc; path = SYPersonalInfoController.m; sourceTree = "<group>"; };
		779D52431D33E5F9008628AC /* SYSettingMileageController.h */ = {isa = PBXFileReference; fileEncoding = 4; lastKnownFileType = sourcecode.c.h; path = SYSettingMileageController.h; sourceTree = "<group>"; };
		779D52441D33E5F9008628AC /* SYSettingMileageController.m */ = {isa = PBXFileReference; fileEncoding = 4; lastKnownFileType = sourcecode.c.objc; path = SYSettingMileageController.m; sourceTree = "<group>"; };
		77A302C21D37BC8C00DB9F3B /* SYAboutController.h */ = {isa = PBXFileReference; fileEncoding = 4; lastKnownFileType = sourcecode.c.h; path = SYAboutController.h; sourceTree = "<group>"; };
		77A302C31D37BC8C00DB9F3B /* SYAboutController.m */ = {isa = PBXFileReference; fileEncoding = 4; lastKnownFileType = sourcecode.c.objc; path = SYAboutController.m; sourceTree = "<group>"; };
		77A302C51D37D0C000DB9F3B /* SYVersionController.h */ = {isa = PBXFileReference; fileEncoding = 4; lastKnownFileType = sourcecode.c.h; path = SYVersionController.h; sourceTree = "<group>"; };
		77A302C61D37D0C000DB9F3B /* SYVersionController.m */ = {isa = PBXFileReference; fileEncoding = 4; lastKnownFileType = sourcecode.c.objc; path = SYVersionController.m; sourceTree = "<group>"; };
		77A67E0A1D2A04B700B071ED /* UIColor+HEX.h */ = {isa = PBXFileReference; fileEncoding = 4; lastKnownFileType = sourcecode.c.h; path = "UIColor+HEX.h"; sourceTree = "<group>"; };
		77A67E0B1D2A04B700B071ED /* UIColor+HEX.m */ = {isa = PBXFileReference; fileEncoding = 4; lastKnownFileType = sourcecode.c.objc; path = "UIColor+HEX.m"; sourceTree = "<group>"; };
		77A67E101D2A324900B071ED /* SYHomeGaugeView.h */ = {isa = PBXFileReference; fileEncoding = 4; lastKnownFileType = sourcecode.c.h; path = SYHomeGaugeView.h; sourceTree = "<group>"; };
		77A67E111D2A324900B071ED /* SYHomeGaugeView.m */ = {isa = PBXFileReference; fileEncoding = 4; lastKnownFileType = sourcecode.c.objc; path = SYHomeGaugeView.m; sourceTree = "<group>"; };
		77A67E191D2A60A300B071ED /* SYButton.h */ = {isa = PBXFileReference; fileEncoding = 4; lastKnownFileType = sourcecode.c.h; path = SYButton.h; sourceTree = "<group>"; };
		77A67E1A1D2A60A300B071ED /* SYButton.m */ = {isa = PBXFileReference; fileEncoding = 4; lastKnownFileType = sourcecode.c.objc; path = SYButton.m; sourceTree = "<group>"; };
		77AEEAAE1D4B24AC00969B0D /* SYSpeedGaugeView.h */ = {isa = PBXFileReference; fileEncoding = 4; lastKnownFileType = sourcecode.c.h; path = SYSpeedGaugeView.h; sourceTree = "<group>"; };
		77AEEAAF1D4B24AC00969B0D /* SYSpeedGaugeView.m */ = {isa = PBXFileReference; fileEncoding = 4; lastKnownFileType = sourcecode.c.objc; path = SYSpeedGaugeView.m; sourceTree = "<group>"; };
		77BF91F71D368C9D00132C61 /* NSDate+Extension.h */ = {isa = PBXFileReference; fileEncoding = 4; lastKnownFileType = sourcecode.c.h; path = "NSDate+Extension.h"; sourceTree = "<group>"; };
		77BF91F81D368C9D00132C61 /* NSDate+Extension.m */ = {isa = PBXFileReference; fileEncoding = 4; lastKnownFileType = sourcecode.c.objc; path = "NSDate+Extension.m"; sourceTree = "<group>"; };
		77BF91FA1D369B6300132C61 /* SYGasStatDetailsController.h */ = {isa = PBXFileReference; fileEncoding = 4; lastKnownFileType = sourcecode.c.h; path = SYGasStatDetailsController.h; sourceTree = "<group>"; };
		77BF91FB1D369B6300132C61 /* SYGasStatDetailsController.m */ = {isa = PBXFileReference; fileEncoding = 4; lastKnownFileType = sourcecode.c.objc; path = SYGasStatDetailsController.m; sourceTree = "<group>"; };
		77CC404B1D42572B00F29148 /* NSDate+Formatter.h */ = {isa = PBXFileReference; fileEncoding = 4; lastKnownFileType = sourcecode.c.h; path = "NSDate+Formatter.h"; sourceTree = "<group>"; };
		77CC404C1D42572B00F29148 /* NSDate+Formatter.m */ = {isa = PBXFileReference; fileEncoding = 4; lastKnownFileType = sourcecode.c.objc; path = "NSDate+Formatter.m"; sourceTree = "<group>"; };
		77CC404E1D43BFCC00F29148 /* SYMineMenuView.h */ = {isa = PBXFileReference; fileEncoding = 4; lastKnownFileType = sourcecode.c.h; path = SYMineMenuView.h; sourceTree = "<group>"; };
		77CC404F1D43BFCC00F29148 /* SYMineMenuView.m */ = {isa = PBXFileReference; fileEncoding = 4; lastKnownFileType = sourcecode.c.objc; path = SYMineMenuView.m; sourceTree = "<group>"; };
		77CC40851D464AD600F29148 /* SYForgotPwdController.h */ = {isa = PBXFileReference; fileEncoding = 4; lastKnownFileType = sourcecode.c.h; path = SYForgotPwdController.h; sourceTree = "<group>"; };
		77CC40861D464AD600F29148 /* SYForgotPwdController.m */ = {isa = PBXFileReference; fileEncoding = 4; lastKnownFileType = sourcecode.c.objc; path = SYForgotPwdController.m; sourceTree = "<group>"; };
		77CE63681D2BF72E0071EA7C /* JSONKit.h */ = {isa = PBXFileReference; fileEncoding = 4; lastKnownFileType = sourcecode.c.h; path = JSONKit.h; sourceTree = "<group>"; };
		77CE63691D2BF72E0071EA7C /* JSONKit.m */ = {isa = PBXFileReference; fileEncoding = 4; lastKnownFileType = sourcecode.c.objc; path = JSONKit.m; sourceTree = "<group>"; };
		77CE636F1D2C0CC90071EA7C /* SYApiServer.h */ = {isa = PBXFileReference; fileEncoding = 4; lastKnownFileType = sourcecode.c.h; path = SYApiServer.h; sourceTree = "<group>"; };
		77CE63701D2C0CC90071EA7C /* SYApiServer.m */ = {isa = PBXFileReference; fileEncoding = 4; lastKnownFileType = sourcecode.c.objc; path = SYApiServer.m; sourceTree = "<group>"; };
		77CE63711D2C0CC90071EA7C /* SYAuthURLSessionManager.h */ = {isa = PBXFileReference; fileEncoding = 4; lastKnownFileType = sourcecode.c.h; path = SYAuthURLSessionManager.h; sourceTree = "<group>"; };
		77CE63721D2C0CC90071EA7C /* SYAuthURLSessionManager.m */ = {isa = PBXFileReference; fileEncoding = 4; lastKnownFileType = sourcecode.c.objc; path = SYAuthURLSessionManager.m; sourceTree = "<group>"; };
		77DBDD6F1D36143F009EEDD4 /* SYGasStatController.h */ = {isa = PBXFileReference; fileEncoding = 4; lastKnownFileType = sourcecode.c.h; path = SYGasStatController.h; sourceTree = "<group>"; };
		77DBDD701D36143F009EEDD4 /* SYGasStatController.m */ = {isa = PBXFileReference; fileEncoding = 4; lastKnownFileType = sourcecode.c.objc; path = SYGasStatController.m; sourceTree = "<group>"; };
		77DBDD721D3614D2009EEDD4 /* SYOilExceptionController.h */ = {isa = PBXFileReference; fileEncoding = 4; lastKnownFileType = sourcecode.c.h; path = SYOilExceptionController.h; sourceTree = "<group>"; };
		77DBDD731D3614D2009EEDD4 /* SYOilExceptionController.m */ = {isa = PBXFileReference; fileEncoding = 4; lastKnownFileType = sourcecode.c.objc; path = SYOilExceptionController.m; sourceTree = "<group>"; };
		77DBDD751D361960009EEDD4 /* SYGasStatCell.h */ = {isa = PBXFileReference; fileEncoding = 4; lastKnownFileType = sourcecode.c.h; path = SYGasStatCell.h; sourceTree = "<group>"; };
		77DBDD761D361960009EEDD4 /* SYGasStatCell.m */ = {isa = PBXFileReference; fileEncoding = 4; lastKnownFileType = sourcecode.c.objc; path = SYGasStatCell.m; sourceTree = "<group>"; };
		77DF1B281D372CFA00133615 /* UIView+Border.h */ = {isa = PBXFileReference; fileEncoding = 4; lastKnownFileType = sourcecode.c.h; path = "UIView+Border.h"; sourceTree = "<group>"; };
		77DF1B291D372CFA00133615 /* UIView+Border.m */ = {isa = PBXFileReference; fileEncoding = 4; lastKnownFileType = sourcecode.c.objc; path = "UIView+Border.m"; sourceTree = "<group>"; };
		77DF1B2B1D37515C00133615 /* SYOilExceptionCell.h */ = {isa = PBXFileReference; fileEncoding = 4; lastKnownFileType = sourcecode.c.h; path = SYOilExceptionCell.h; sourceTree = "<group>"; };
		77DF1B2C1D37515D00133615 /* SYOilExceptionCell.m */ = {isa = PBXFileReference; fileEncoding = 4; lastKnownFileType = sourcecode.c.objc; path = SYOilExceptionCell.m; sourceTree = "<group>"; };
		77DF1B2E1D37645A00133615 /* SYTravelIInfoController.h */ = {isa = PBXFileReference; fileEncoding = 4; lastKnownFileType = sourcecode.c.h; path = SYTravelIInfoController.h; sourceTree = "<group>"; };
		77DF1B2F1D37645A00133615 /* SYTravelIInfoController.m */ = {isa = PBXFileReference; fileEncoding = 4; lastKnownFileType = sourcecode.c.objc; path = SYTravelIInfoController.m; sourceTree = "<group>"; };
		77ED36301D4936B300836359 /* SYMainController.h */ = {isa = PBXFileReference; fileEncoding = 4; lastKnownFileType = sourcecode.c.h; path = SYMainController.h; sourceTree = "<group>"; };
		77ED36311D4936B300836359 /* SYMainController.m */ = {isa = PBXFileReference; fileEncoding = 4; lastKnownFileType = sourcecode.c.objc; path = SYMainController.m; sourceTree = "<group>"; };
		77ED36331D49377C00836359 /* SYMainTabBarView.h */ = {isa = PBXFileReference; fileEncoding = 4; lastKnownFileType = sourcecode.c.h; path = SYMainTabBarView.h; sourceTree = "<group>"; };
		77ED36341D49377C00836359 /* SYMainTabBarView.m */ = {isa = PBXFileReference; fileEncoding = 4; lastKnownFileType = sourcecode.c.objc; path = SYMainTabBarView.m; sourceTree = "<group>"; };
		77ED36361D49A37600836359 /* SYMainNavView.h */ = {isa = PBXFileReference; fileEncoding = 4; lastKnownFileType = sourcecode.c.h; path = SYMainNavView.h; sourceTree = "<group>"; };
		77ED36371D49A37600836359 /* SYMainNavView.m */ = {isa = PBXFileReference; fileEncoding = 4; lastKnownFileType = sourcecode.c.objc; path = SYMainNavView.m; sourceTree = "<group>"; };
		77EE9A211D2F6FD70076968D /* SYAlarmCell.h */ = {isa = PBXFileReference; fileEncoding = 4; lastKnownFileType = sourcecode.c.h; path = SYAlarmCell.h; sourceTree = "<group>"; };
		77EE9A221D2F6FD70076968D /* SYAlarmCell.m */ = {isa = PBXFileReference; fileEncoding = 4; lastKnownFileType = sourcecode.c.objc; path = SYAlarmCell.m; sourceTree = "<group>"; };
		77EE9A241D2F76F50076968D /* SYAlarm.h */ = {isa = PBXFileReference; fileEncoding = 4; lastKnownFileType = sourcecode.c.h; path = SYAlarm.h; sourceTree = "<group>"; };
		77EE9A251D2F76F50076968D /* SYAlarm.m */ = {isa = PBXFileReference; fileEncoding = 4; lastKnownFileType = sourcecode.c.objc; path = SYAlarm.m; sourceTree = "<group>"; };
		77F365F81D38B0F10051F600 /* SYPickerDateView.h */ = {isa = PBXFileReference; fileEncoding = 4; lastKnownFileType = sourcecode.c.h; path = SYPickerDateView.h; sourceTree = "<group>"; };
		77F365F91D38B0F10051F600 /* SYPickerDateView.m */ = {isa = PBXFileReference; fileEncoding = 4; lastKnownFileType = sourcecode.c.objc; path = SYPickerDateView.m; sourceTree = "<group>"; };
		77FF1E121D3CD33F00C75378 /* SYHomeTravelView.h */ = {isa = PBXFileReference; fileEncoding = 4; lastKnownFileType = sourcecode.c.h; path = SYHomeTravelView.h; sourceTree = "<group>"; };
		77FF1E131D3CD33F00C75378 /* SYHomeTravelView.m */ = {isa = PBXFileReference; fileEncoding = 4; lastKnownFileType = sourcecode.c.objc; path = SYHomeTravelView.m; sourceTree = "<group>"; };
		80543B6E7895C06D58B9344F /* libPods.a */ = {isa = PBXFileReference; explicitFileType = archive.ar; includeInIndex = 0; path = libPods.a; sourceTree = BUILT_PRODUCTS_DIR; };
		A208966A1D1ECE2D00A626FC /* SmartCar.app */ = {isa = PBXFileReference; explicitFileType = wrapper.application; includeInIndex = 0; path = SmartCar.app; sourceTree = BUILT_PRODUCTS_DIR; };
		A208966E1D1ECE2D00A626FC /* main.m */ = {isa = PBXFileReference; lastKnownFileType = sourcecode.c.objc; path = main.m; sourceTree = "<group>"; };
		A20896701D1ECE2D00A626FC /* AppDelegate.h */ = {isa = PBXFileReference; lastKnownFileType = sourcecode.c.h; path = AppDelegate.h; sourceTree = "<group>"; };
		A20896711D1ECE2D00A626FC /* AppDelegate.m */ = {isa = PBXFileReference; lastKnownFileType = sourcecode.c.objc; path = AppDelegate.m; sourceTree = "<group>"; };
		A20896791D1ECE2D00A626FC /* Assets.xcassets */ = {isa = PBXFileReference; lastKnownFileType = folder.assetcatalog; path = Assets.xcassets; sourceTree = "<group>"; };
		A208967C1D1ECE2D00A626FC /* Base */ = {isa = PBXFileReference; lastKnownFileType = file.storyboard; name = Base; path = Base.lproj/LaunchScreen.storyboard; sourceTree = "<group>"; };
		A208967E1D1ECE2D00A626FC /* Info.plist */ = {isa = PBXFileReference; lastKnownFileType = text.plist.xml; path = Info.plist; sourceTree = "<group>"; };
		A20896831D1ECE2D00A626FC /* SmartCarTests.xctest */ = {isa = PBXFileReference; explicitFileType = wrapper.cfbundle; includeInIndex = 0; path = SmartCarTests.xctest; sourceTree = BUILT_PRODUCTS_DIR; };
		A20896871D1ECE2D00A626FC /* SmartCarTests.m */ = {isa = PBXFileReference; lastKnownFileType = sourcecode.c.objc; path = SmartCarTests.m; sourceTree = "<group>"; };
		A20896891D1ECE2D00A626FC /* Info.plist */ = {isa = PBXFileReference; lastKnownFileType = text.plist.xml; path = Info.plist; sourceTree = "<group>"; };
		A20896AF1D1ED27F00A626FC /* SYBaseController.h */ = {isa = PBXFileReference; fileEncoding = 4; lastKnownFileType = sourcecode.c.h; path = SYBaseController.h; sourceTree = "<group>"; };
		A20896B01D1ED27F00A626FC /* SYBaseController.m */ = {isa = PBXFileReference; fileEncoding = 4; lastKnownFileType = sourcecode.c.objc; path = SYBaseController.m; sourceTree = "<group>"; };
		A20896B41D1ED2A700A626FC /* SYRootController.h */ = {isa = PBXFileReference; fileEncoding = 4; lastKnownFileType = sourcecode.c.h; path = SYRootController.h; sourceTree = "<group>"; };
		A20896B51D1ED2A700A626FC /* SYRootController.m */ = {isa = PBXFileReference; fileEncoding = 4; lastKnownFileType = sourcecode.c.objc; path = SYRootController.m; sourceTree = "<group>"; };
		A20896B81D1ED3AB00A626FC /* SYHomeController.h */ = {isa = PBXFileReference; fileEncoding = 4; lastKnownFileType = sourcecode.c.h; path = SYHomeController.h; sourceTree = "<group>"; };
		A20896B91D1ED3AB00A626FC /* SYHomeController.m */ = {isa = PBXFileReference; fileEncoding = 4; lastKnownFileType = sourcecode.c.objc; path = SYHomeController.m; sourceTree = "<group>"; };
		A20896BB1D1ED45000A626FC /* SYNavigationController.h */ = {isa = PBXFileReference; fileEncoding = 4; lastKnownFileType = sourcecode.c.h; path = SYNavigationController.h; sourceTree = "<group>"; };
		A20896BC1D1ED45000A626FC /* SYNavigationController.m */ = {isa = PBXFileReference; fileEncoding = 4; lastKnownFileType = sourcecode.c.objc; path = SYNavigationController.m; sourceTree = "<group>"; };
		A20896C31D1ED8C000A626FC /* SYMineController.h */ = {isa = PBXFileReference; fileEncoding = 4; lastKnownFileType = sourcecode.c.h; path = SYMineController.h; sourceTree = "<group>"; };
		A20896C41D1ED8C000A626FC /* SYMineController.m */ = {isa = PBXFileReference; fileEncoding = 4; lastKnownFileType = sourcecode.c.objc; path = SYMineController.m; sourceTree = "<group>"; };
		A20896C61D1ED8EA00A626FC /* SYStatController.h */ = {isa = PBXFileReference; fileEncoding = 4; lastKnownFileType = sourcecode.c.h; path = SYStatController.h; sourceTree = "<group>"; };
		A20896C71D1ED8EA00A626FC /* SYStatController.m */ = {isa = PBXFileReference; fileEncoding = 4; lastKnownFileType = sourcecode.c.objc; path = SYStatController.m; sourceTree = "<group>"; };
		A27909531D2404D200880755 /* SYPickerAlertView.h */ = {isa = PBXFileReference; fileEncoding = 4; lastKnownFileType = sourcecode.c.h; path = SYPickerAlertView.h; sourceTree = "<group>"; };
		A27909541D2404D200880755 /* SYPickerAlertView.m */ = {isa = PBXFileReference; fileEncoding = 4; lastKnownFileType = sourcecode.c.objc; path = SYPickerAlertView.m; sourceTree = "<group>"; };
		A27909561D2406AB00880755 /* SYCarSwitchView.h */ = {isa = PBXFileReference; fileEncoding = 4; lastKnownFileType = sourcecode.c.h; path = SYCarSwitchView.h; sourceTree = "<group>"; };
		A27909571D2406AB00880755 /* SYCarSwitchView.m */ = {isa = PBXFileReference; fileEncoding = 4; lastKnownFileType = sourcecode.c.objc; path = SYCarSwitchView.m; sourceTree = "<group>"; };
		A2884CE61D22B3AD00C3E8B3 /* UIView+Frame.h */ = {isa = PBXFileReference; fileEncoding = 4; lastKnownFileType = sourcecode.c.h; path = "UIView+Frame.h"; sourceTree = "<group>"; };
		A2884CE71D22B3AD00C3E8B3 /* UIView+Frame.m */ = {isa = PBXFileReference; fileEncoding = 4; lastKnownFileType = sourcecode.c.objc; path = "UIView+Frame.m"; sourceTree = "<group>"; };
		A2884CE91D22B72100C3E8B3 /* SmartCar-prefix.pch */ = {isa = PBXFileReference; lastKnownFileType = sourcecode.c.h; path = "SmartCar-prefix.pch"; sourceTree = "<group>"; };
/* End PBXFileReference section */

/* Begin PBXFrameworksBuildPhase section */
		A20896671D1ECE2D00A626FC /* Frameworks */ = {
			isa = PBXFrameworksBuildPhase;
			buildActionMask = 2147483647;
			files = (
				8E4CCF46A0DC33FC414B7E22 /* libPods.a in Frameworks */,
			);
			runOnlyForDeploymentPostprocessing = 0;
		};
		A20896801D1ECE2D00A626FC /* Frameworks */ = {
			isa = PBXFrameworksBuildPhase;
			buildActionMask = 2147483647;
			files = (
			);
			runOnlyForDeploymentPostprocessing = 0;
		};
/* End PBXFrameworksBuildPhase section */

/* Begin PBXGroup section */
		1AC39F13B5B99B079285E1A7 /* Pods */ = {
			isa = PBXGroup;
			children = (
				65BA3DC3D94AC7A1630B4F7A /* Pods.debug.xcconfig */,
				1F45FD21067B0CBE24BB868A /* Pods.release.xcconfig */,
			);
			name = Pods;
			sourceTree = "<group>";
		};
		7792934A1D2A7F3B006A7E5E /* Cell */ = {
			isa = PBXGroup;
			children = (
				77EE9A211D2F6FD70076968D /* SYAlarmCell.h */,
				77EE9A221D2F6FD70076968D /* SYAlarmCell.m */,
				778768A51D3F68CB006EAA50 /* SYAlarmStatCell.h */,
				778768A61D3F68CB006EAA50 /* SYAlarmStatCell.m */,
				7720FDD01D2E00D300713986 /* SYBaseCell.h */,
				7720FDD11D2E00D300713986 /* SYBaseCell.m */,
				77DBDD751D361960009EEDD4 /* SYGasStatCell.h */,
				77DBDD761D361960009EEDD4 /* SYGasStatCell.m */,
				77DF1B2B1D37515C00133615 /* SYOilExceptionCell.h */,
				77DF1B2C1D37515D00133615 /* SYOilExceptionCell.m */,
				77113B3E1D349D5F00E30577 /* SYPhysicalCell.h */,
				77113B3F1D349D5F00E30577 /* SYPhysicalCell.m */,
				779443771D2B5E880064C8DB /* SYTravelCell.h */,
				779443781D2B5E880064C8DB /* SYTravelCell.m */,
				7720FDCD1D2DFCDE00713986 /* SYTravelDetailsCell.h */,
				7720FDCE1D2DFCDE00713986 /* SYTravelDetailsCell.m */,
			);
			path = Cell;
			sourceTree = "<group>";
		};
		779443851D2B97680064C8DB /* Util */ = {
			isa = PBXGroup;
			children = (
				7794438F1D2BB3320064C8DB /* SYAppManager.h */,
				779443901D2BB3320064C8DB /* SYAppManager.m */,
				7720FDD31D2E087E00713986 /* SYUtil.h */,
				7720FDD41D2E087E00713986 /* SYUtil.m */,
			);
			path = Util;
			sourceTree = "<group>";
		};
		77CE63671D2BF7010071EA7C /* 3Party */ = {
			isa = PBXGroup;
			children = (
				77CE63681D2BF72E0071EA7C /* JSONKit.h */,
				77CE63691D2BF72E0071EA7C /* JSONKit.m */,
			);
			path = 3Party;
			sourceTree = "<group>";
		};
		77CE636E1D2C0CC90071EA7C /* Network */ = {
			isa = PBXGroup;
			children = (
				77CE636F1D2C0CC90071EA7C /* SYApiServer.h */,
				77CE63701D2C0CC90071EA7C /* SYApiServer.m */,
				77CE63711D2C0CC90071EA7C /* SYAuthURLSessionManager.h */,
				77CE63721D2C0CC90071EA7C /* SYAuthURLSessionManager.m */,
				77113B411D34CE5300E30577 /* SYURLSessionManager.h */,
				77113B421D34CE5300E30577 /* SYURLSessionManager.m */,
			);
			path = Network;
			sourceTree = "<group>";
		};
		A20896611D1ECE2D00A626FC = {
			isa = PBXGroup;
			children = (
				A208966C1D1ECE2D00A626FC /* SmartCar */,
				A20896861D1ECE2D00A626FC /* SmartCarTests */,
				A208966B1D1ECE2D00A626FC /* Products */,
				1AC39F13B5B99B079285E1A7 /* Pods */,
				A41DE1BD11E10ADA07A608D9 /* Frameworks */,
			);
			sourceTree = "<group>";
		};
		A208966B1D1ECE2D00A626FC /* Products */ = {
			isa = PBXGroup;
			children = (
				A208966A1D1ECE2D00A626FC /* SmartCar.app */,
				A20896831D1ECE2D00A626FC /* SmartCarTests.xctest */,
			);
			name = Products;
			sourceTree = "<group>";
		};
		A208966C1D1ECE2D00A626FC /* SmartCar */ = {
			isa = PBXGroup;
			children = (
				77CE636E1D2C0CC90071EA7C /* Network */,
				77CE63671D2BF7010071EA7C /* 3Party */,
				779443851D2B97680064C8DB /* Util */,
				A20896AD1D1ED27F00A626FC /* Categories */,
				A20896AE1D1ED27F00A626FC /* Controller */,
				A20896B11D1ED27F00A626FC /* Model */,
				A20896B21D1ED27F00A626FC /* View */,
				A20896701D1ECE2D00A626FC /* AppDelegate.h */,
				A20896711D1ECE2D00A626FC /* AppDelegate.m */,
				A20896791D1ECE2D00A626FC /* Assets.xcassets */,
				A208967B1D1ECE2D00A626FC /* LaunchScreen.storyboard */,
				A208967E1D1ECE2D00A626FC /* Info.plist */,
				A208966D1D1ECE2D00A626FC /* Supporting Files */,
			);
			path = SmartCar;
			sourceTree = "<group>";
		};
		A208966D1D1ECE2D00A626FC /* Supporting Files */ = {
			isa = PBXGroup;
			children = (
				A208966E1D1ECE2D00A626FC /* main.m */,
				A2884CE91D22B72100C3E8B3 /* SmartCar-prefix.pch */,
			);
			name = "Supporting Files";
			sourceTree = "<group>";
		};
		A20896861D1ECE2D00A626FC /* SmartCarTests */ = {
			isa = PBXGroup;
			children = (
				A20896871D1ECE2D00A626FC /* SmartCarTests.m */,
				A20896891D1ECE2D00A626FC /* Info.plist */,
			);
			path = SmartCarTests;
			sourceTree = "<group>";
		};
		A20896AD1D1ED27F00A626FC /* Categories */ = {
			isa = PBXGroup;
			children = (
				77BF91F71D368C9D00132C61 /* NSDate+Extension.h */,
				77BF91F81D368C9D00132C61 /* NSDate+Extension.m */,
				77CC404B1D42572B00F29148 /* NSDate+Formatter.h */,
				77CC404C1D42572B00F29148 /* NSDate+Formatter.m */,
				77A67E0A1D2A04B700B071ED /* UIColor+HEX.h */,
				77A67E0B1D2A04B700B071ED /* UIColor+HEX.m */,
				7792935D1D2AC2DA006A7E5E /* UIImage+Color.h */,
				7792935E1D2AC2DA006A7E5E /* UIImage+Color.m */,
				77DF1B281D372CFA00133615 /* UIView+Border.h */,
				77DF1B291D372CFA00133615 /* UIView+Border.m */,
				A2884CE61D22B3AD00C3E8B3 /* UIView+Frame.h */,
				A2884CE71D22B3AD00C3E8B3 /* UIView+Frame.m */,
			);
			path = Categories;
			sourceTree = "<group>";
		};
		A20896AE1D1ED27F00A626FC /* Controller */ = {
			isa = PBXGroup;
			children = (
				A20896B71D1ED39100A626FC /* Home */,
				A20896BE1D1ED81D00A626FC /* Mine */,
				A20896BF1D1ED81D00A626FC /* Stat */,
				A20896AF1D1ED27F00A626FC /* SYBaseController.h */,
				A20896B01D1ED27F00A626FC /* SYBaseController.m */,
				77ED36301D4936B300836359 /* SYMainController.h */,
				77ED36311D4936B300836359 /* SYMainController.m */,
				A20896BB1D1ED45000A626FC /* SYNavigationController.h */,
				A20896BC1D1ED45000A626FC /* SYNavigationController.m */,
				A20896B41D1ED2A700A626FC /* SYRootController.h */,
				A20896B51D1ED2A700A626FC /* SYRootController.m */,
			);
			path = Controller;
			sourceTree = "<group>";
		};
		A20896B11D1ED27F00A626FC /* Model */ = {
			isa = PBXGroup;
			children = (
				77EE9A241D2F76F50076968D /* SYAlarm.h */,
				77EE9A251D2F76F50076968D /* SYAlarm.m */,
				7799AF3C1D2CF46A006E332C /* SYTravel.h */,
				7799AF3D1D2CF46A006E332C /* SYTravel.m */,
				7720FDD91D2E401600713986 /* SYTravelSportNode.h */,
				7720FDDA1D2E401600713986 /* SYTravelSportNode.m */,
				779443891D2BAAE50064C8DB /* SYUser.h */,
				7794438A1D2BAAE50064C8DB /* SYUser.m */,
				7794438C1D2BB1570064C8DB /* SYVehicle.h */,
				7794438D1D2BB1570064C8DB /* SYVehicle.m */,
				7799AF361D2CA277006E332C /* SYVehiclePosition.h */,
				7799AF371D2CA277006E332C /* SYVehiclePosition.m */,
				7774173E1D3B2856006083B3 /* SYGeofence.h */,
				7774173F1D3B2856006083B3 /* SYGeofence.m */,
				770377FD1D4755F5001E435D /* SYDtcCode.h */,
				770377FE1D4755F5001E435D /* SYDtcCode.m */,
			);
			path = Model;
			sourceTree = "<group>";
		};
		A20896B21D1ED27F00A626FC /* View */ = {
			isa = PBXGroup;
			children = (
				7792934A1D2A7F3B006A7E5E /* Cell */,
				77A67E191D2A60A300B071ED /* SYButton.h */,
				77A67E1A1D2A60A300B071ED /* SYButton.m */,
				A27909561D2406AB00880755 /* SYCarSwitchView.h */,
				A27909571D2406AB00880755 /* SYCarSwitchView.m */,
				770377FA1D472E98001E435D /* SYGasGaugeView.h */,
				770377FB1D472E98001E435D /* SYGasGaugeView.m */,
				779293571D2AABEB006A7E5E /* SYHomeAlarmView.h */,
				779293581D2AABEB006A7E5E /* SYHomeAlarmView.m */,
				77A67E101D2A324900B071ED /* SYHomeGaugeView.h */,
				77A67E111D2A324900B071ED /* SYHomeGaugeView.m */,
				77FF1E121D3CD33F00C75378 /* SYHomeTravelView.h */,
				77FF1E131D3CD33F00C75378 /* SYHomeTravelView.m */,
				7793197A1D353A6E0011DDAB /* SYLocationNavView.h */,
				7793197B1D353A6E0011DDAB /* SYLocationNavView.m */,
				77ED36361D49A37600836359 /* SYMainNavView.h */,
				77ED36371D49A37600836359 /* SYMainNavView.m */,
				77ED36331D49377C00836359 /* SYMainTabBarView.h */,
				77ED36341D49377C00836359 /* SYMainTabBarView.m */,
				77CC404E1D43BFCC00F29148 /* SYMineMenuView.h */,
				77CC404F1D43BFCC00F29148 /* SYMineMenuView.m */,
				770270F71D421A55004AD0AD /* SYPageTopView.h */,
				770270F81D421A55004AD0AD /* SYPageTopView.m */,
				A27909531D2404D200880755 /* SYPickerAlertView.h */,
				A27909541D2404D200880755 /* SYPickerAlertView.m */,
				77F365F81D38B0F10051F600 /* SYPickerDateView.h */,
				77F365F91D38B0F10051F600 /* SYPickerDateView.m */,
				7799AF391D2CCEA4006E332C /* SYProgressView.h */,
				7799AF3A1D2CCEA4006E332C /* SYProgressView.m */,
				77AEEAAE1D4B24AC00969B0D /* SYSpeedGaugeView.h */,
				77AEEAAF1D4B24AC00969B0D /* SYSpeedGaugeView.m */,
			);
			path = View;
			sourceTree = "<group>";
		};
		A20896B71D1ED39100A626FC /* Home */ = {
			isa = PBXGroup;
			children = (
				7794437A1D2B757C0064C8DB /* SYAlarmController.h */,
				7794437B1D2B757C0064C8DB /* SYAlarmController.m */,
				A20896B81D1ED3AB00A626FC /* SYHomeController.h */,
				A20896B91D1ED3AB00A626FC /* SYHomeController.m */,
				779443741D2B44440064C8DB /* SYTravelController.h */,
				779443751D2B44440064C8DB /* SYTravelController.m */,
				7720FDCA1D2DFB9D00713986 /* SYTravelDetailsController.h */,
				7720FDCB1D2DFB9D00713986 /* SYTravelDetailsController.m */,
				7720FDD61D2E30A300713986 /* SYTravelReplayController.h */,
				7720FDD71D2E30A300713986 /* SYTravelReplayController.mm */,
				77113B441D34E4C700E30577 /* SYCurrentLocationController.h */,
				77113B451D34E4C700E30577 /* SYCurrentLocationController.m */,
			);
			path = Home;
			sourceTree = "<group>";
		};
		A20896BE1D1ED81D00A626FC /* Mine */ = {
			isa = PBXGroup;
			children = (
				77A302C21D37BC8C00DB9F3B /* SYAboutController.h */,
				77A302C31D37BC8C00DB9F3B /* SYAboutController.m */,
				77CC40851D464AD600F29148 /* SYForgotPwdController.h */,
				77CC40861D464AD600F29148 /* SYForgotPwdController.m */,
				779443821D2B80010064C8DB /* SYLoginController.h */,
				779443831D2B80010064C8DB /* SYLoginController.m */,
				A20896C31D1ED8C000A626FC /* SYMineController.h */,
				A20896C41D1ED8C000A626FC /* SYMineController.m */,
				779D523F1D33E5F9008628AC /* SYModifyPwdController.h */,
				779D52401D33E5F9008628AC /* SYModifyPwdController.m */,
				779D52411D33E5F9008628AC /* SYPersonalInfoController.h */,
				779D52421D33E5F9008628AC /* SYPersonalInfoController.m */,
				770378001D475E1F001E435D /* SYPhysicalController.h */,
				770378011D475E1F001E435D /* SYPhysicalController.m */,
				779D52431D33E5F9008628AC /* SYSettingMileageController.h */,
				779D52441D33E5F9008628AC /* SYSettingMileageController.m */,
				77A302C51D37D0C000DB9F3B /* SYVersionController.h */,
				77A302C61D37D0C000DB9F3B /* SYVersionController.m */,
			);
			path = Mine;
			sourceTree = "<group>";
		};
		A20896BF1D1ED81D00A626FC /* Stat */ = {
			isa = PBXGroup;
			children = (
				778768A21D3F665F006EAA50 /* SYAlarmStatController.h */,
				778768A31D3F665F006EAA50 /* SYAlarmStatController.m */,
				77DBDD6F1D36143F009EEDD4 /* SYGasStatController.h */,
				77DBDD701D36143F009EEDD4 /* SYGasStatController.m */,
				77BF91FA1D369B6300132C61 /* SYGasStatDetailsController.h */,
				77BF91FB1D369B6300132C61 /* SYGasStatDetailsController.m */,
				77DBDD721D3614D2009EEDD4 /* SYOilExceptionController.h */,
				77DBDD731D3614D2009EEDD4 /* SYOilExceptionController.m */,
				A20896C61D1ED8EA00A626FC /* SYStatController.h */,
				A20896C71D1ED8EA00A626FC /* SYStatController.m */,
				779443801D2B76740064C8DB /* SYStatController.storyboard */,
				77DF1B2E1D37645A00133615 /* SYTravelIInfoController.h */,
				77DF1B2F1D37645A00133615 /* SYTravelIInfoController.m */,
			);
			path = Stat;
			sourceTree = "<group>";
		};
		A41DE1BD11E10ADA07A608D9 /* Frameworks */ = {
			isa = PBXGroup;
			children = (
				80543B6E7895C06D58B9344F /* libPods.a */,
			);
			name = Frameworks;
			sourceTree = "<group>";
		};
/* End PBXGroup section */

/* Begin PBXNativeTarget section */
		A20896691D1ECE2D00A626FC /* SmartCar */ = {
			isa = PBXNativeTarget;
			buildConfigurationList = A208968C1D1ECE2D00A626FC /* Build configuration list for PBXNativeTarget "SmartCar" */;
			buildPhases = (
				C6535E4780E6EE619D2474E8 /* Check Pods Manifest.lock */,
				A20896661D1ECE2D00A626FC /* Sources */,
				A20896671D1ECE2D00A626FC /* Frameworks */,
				A20896681D1ECE2D00A626FC /* Resources */,
				7D3895F96B65F9D6FDB80794 /* Embed Pods Frameworks */,
				D53F2916C3A837E768DDC801 /* Copy Pods Resources */,
			);
			buildRules = (
			);
			dependencies = (
			);
			name = SmartCar;
			productName = SmartCar;
			productReference = A208966A1D1ECE2D00A626FC /* SmartCar.app */;
			productType = "com.apple.product-type.application";
		};
		A20896821D1ECE2D00A626FC /* SmartCarTests */ = {
			isa = PBXNativeTarget;
			buildConfigurationList = A208968F1D1ECE2D00A626FC /* Build configuration list for PBXNativeTarget "SmartCarTests" */;
			buildPhases = (
				A208967F1D1ECE2D00A626FC /* Sources */,
				A20896801D1ECE2D00A626FC /* Frameworks */,
				A20896811D1ECE2D00A626FC /* Resources */,
			);
			buildRules = (
			);
			dependencies = (
				A20896851D1ECE2D00A626FC /* PBXTargetDependency */,
			);
			name = SmartCarTests;
			productName = SmartCarTests;
			productReference = A20896831D1ECE2D00A626FC /* SmartCarTests.xctest */;
			productType = "com.apple.product-type.bundle.unit-test";
		};
/* End PBXNativeTarget section */

/* Begin PBXProject section */
		A20896621D1ECE2D00A626FC /* Project object */ = {
			isa = PBXProject;
			attributes = {
				CLASSPREFIX = SY;
				LastUpgradeCheck = 0720;
				ORGANIZATIONNAME = liuyiming;
				TargetAttributes = {
					A20896691D1ECE2D00A626FC = {
						CreatedOnToolsVersion = 7.2;
						DevelopmentTeam = 95HDTSE7W5;
					};
					A20896821D1ECE2D00A626FC = {
						CreatedOnToolsVersion = 7.2;
						TestTargetID = A20896691D1ECE2D00A626FC;
					};
				};
			};
			buildConfigurationList = A20896651D1ECE2D00A626FC /* Build configuration list for PBXProject "SmartCar" */;
			compatibilityVersion = "Xcode 3.2";
			developmentRegion = English;
			hasScannedForEncodings = 0;
			knownRegions = (
				en,
				Base,
			);
			mainGroup = A20896611D1ECE2D00A626FC;
			productRefGroup = A208966B1D1ECE2D00A626FC /* Products */;
			projectDirPath = "";
			projectRoot = "";
			targets = (
				A20896691D1ECE2D00A626FC /* SmartCar */,
				A20896821D1ECE2D00A626FC /* SmartCarTests */,
			);
		};
/* End PBXProject section */

/* Begin PBXResourcesBuildPhase section */
		A20896681D1ECE2D00A626FC /* Resources */ = {
			isa = PBXResourcesBuildPhase;
			buildActionMask = 2147483647;
			files = (
				A208967D1D1ECE2D00A626FC /* LaunchScreen.storyboard in Resources */,
				A208967A1D1ECE2D00A626FC /* Assets.xcassets in Resources */,
				779443811D2B76740064C8DB /* SYStatController.storyboard in Resources */,
			);
			runOnlyForDeploymentPostprocessing = 0;
		};
		A20896811D1ECE2D00A626FC /* Resources */ = {
			isa = PBXResourcesBuildPhase;
			buildActionMask = 2147483647;
			files = (
			);
			runOnlyForDeploymentPostprocessing = 0;
		};
/* End PBXResourcesBuildPhase section */

/* Begin PBXShellScriptBuildPhase section */
		7D3895F96B65F9D6FDB80794 /* Embed Pods Frameworks */ = {
			isa = PBXShellScriptBuildPhase;
			buildActionMask = 2147483647;
			files = (
			);
			inputPaths = (
			);
			name = "Embed Pods Frameworks";
			outputPaths = (
			);
			runOnlyForDeploymentPostprocessing = 0;
			shellPath = /bin/sh;
			shellScript = "\"${SRCROOT}/Pods/Target Support Files/Pods/Pods-frameworks.sh\"\n";
			showEnvVarsInLog = 0;
		};
		C6535E4780E6EE619D2474E8 /* Check Pods Manifest.lock */ = {
			isa = PBXShellScriptBuildPhase;
			buildActionMask = 2147483647;
			files = (
			);
			inputPaths = (
			);
			name = "Check Pods Manifest.lock";
			outputPaths = (
			);
			runOnlyForDeploymentPostprocessing = 0;
			shellPath = /bin/sh;
			shellScript = "diff \"${PODS_ROOT}/../Podfile.lock\" \"${PODS_ROOT}/Manifest.lock\" > /dev/null\nif [[ $? != 0 ]] ; then\n    cat << EOM\nerror: The sandbox is not in sync with the Podfile.lock. Run 'pod install' or update your CocoaPods installation.\nEOM\n    exit 1\nfi\n";
			showEnvVarsInLog = 0;
		};
		D53F2916C3A837E768DDC801 /* Copy Pods Resources */ = {
			isa = PBXShellScriptBuildPhase;
			buildActionMask = 2147483647;
			files = (
			);
			inputPaths = (
			);
			name = "Copy Pods Resources";
			outputPaths = (
			);
			runOnlyForDeploymentPostprocessing = 0;
			shellPath = /bin/sh;
			shellScript = "\"${SRCROOT}/Pods/Target Support Files/Pods/Pods-resources.sh\"\n";
			showEnvVarsInLog = 0;
		};
/* End PBXShellScriptBuildPhase section */

/* Begin PBXSourcesBuildPhase section */
		A20896661D1ECE2D00A626FC /* Sources */ = {
			isa = PBXSourcesBuildPhase;
			buildActionMask = 2147483647;
			files = (
				A20896B61D1ED2A700A626FC /* SYRootController.m in Sources */,
				779443841D2B80010064C8DB /* SYLoginController.m in Sources */,
				7799AF3E1D2CF46A006E332C /* SYTravel.m in Sources */,
				77CE636A1D2BF72E0071EA7C /* JSONKit.m in Sources */,
				A20896C81D1ED8EA00A626FC /* SYStatController.m in Sources */,
				77FF1E141D3CD33F00C75378 /* SYHomeTravelView.m in Sources */,
				A20896C51D1ED8C000A626FC /* SYMineController.m in Sources */,
				77DBDD741D3614D2009EEDD4 /* SYOilExceptionController.m in Sources */,
				77AEEAB01D4B24AC00969B0D /* SYSpeedGaugeView.m in Sources */,
				770377FC1D472E98001E435D /* SYGasGaugeView.m in Sources */,
				A2884CE81D22B3AD00C3E8B3 /* UIView+Frame.m in Sources */,
				A27909581D2406AB00880755 /* SYCarSwitchView.m in Sources */,
				77EE9A231D2F6FD70076968D /* SYAlarmCell.m in Sources */,
				77A302C71D37D0C000DB9F3B /* SYVersionController.m in Sources */,
				770270F91D421A55004AD0AD /* SYPageTopView.m in Sources */,
				77A302C41D37BC8C00DB9F3B /* SYAboutController.m in Sources */,
				77A67E121D2A324900B071ED /* SYHomeGaugeView.m in Sources */,
				7720FDCF1D2DFCDE00713986 /* SYTravelDetailsCell.m in Sources */,
				779293591D2AABEB006A7E5E /* SYHomeAlarmView.m in Sources */,
				7794438B1D2BAAE50064C8DB /* SYUser.m in Sources */,
				77113B431D34CE5300E30577 /* SYURLSessionManager.m in Sources */,
				77CE63741D2C0CC90071EA7C /* SYAuthURLSessionManager.m in Sources */,
				7720FDD51D2E087E00713986 /* SYUtil.m in Sources */,
				7720FDDB1D2E401600713986 /* SYTravelSportNode.m in Sources */,
				779D52461D33E5F9008628AC /* SYPersonalInfoController.m in Sources */,
				779443911D2BB3320064C8DB /* SYAppManager.m in Sources */,
				7799AF3B1D2CCEA4006E332C /* SYProgressView.m in Sources */,
				7720FDD81D2E30A300713986 /* SYTravelReplayController.mm in Sources */,
				77CC404D1D42572B00F29148 /* NSDate+Formatter.m in Sources */,
				7794437C1D2B757C0064C8DB /* SYAlarmController.m in Sources */,
				77ED36381D49A37600836359 /* SYMainNavView.m in Sources */,
				77CC40501D43BFCC00F29148 /* SYMineMenuView.m in Sources */,
				77CC40871D464AD600F29148 /* SYForgotPwdController.m in Sources */,
				A20896B31D1ED27F00A626FC /* SYBaseController.m in Sources */,
				77BF91F91D368C9D00132C61 /* NSDate+Extension.m in Sources */,
				77ED36351D49377C00836359 /* SYMainTabBarView.m in Sources */,
				7799AF381D2CA277006E332C /* SYVehiclePosition.m in Sources */,
				770378021D475E1F001E435D /* SYPhysicalController.m in Sources */,
				77EE9A261D2F76F50076968D /* SYAlarm.m in Sources */,
				A27909551D2404D200880755 /* SYPickerAlertView.m in Sources */,
				77F365FA1D38B0F10051F600 /* SYPickerDateView.m in Sources */,
				770377FF1D4755F5001E435D /* SYDtcCode.m in Sources */,
				77BF91FC1D369B6300132C61 /* SYGasStatDetailsController.m in Sources */,
				7794438E1D2BB1570064C8DB /* SYVehicle.m in Sources */,
				A20896BD1D1ED45000A626FC /* SYNavigationController.m in Sources */,
				77113B401D349D5F00E30577 /* SYPhysicalCell.m in Sources */,
				77CE63731D2C0CC90071EA7C /* SYApiServer.m in Sources */,
				779D52451D33E5F9008628AC /* SYModifyPwdController.m in Sources */,
				7720FDD21D2E00D300713986 /* SYBaseCell.m in Sources */,
				77DF1B2D1D37515D00133615 /* SYOilExceptionCell.m in Sources */,
				779443791D2B5E880064C8DB /* SYTravelCell.m in Sources */,
				7793197C1D353A6E0011DDAB /* SYLocationNavView.m in Sources */,
				779D52471D33E5F9008628AC /* SYSettingMileageController.m in Sources */,
				779443761D2B44440064C8DB /* SYTravelController.m in Sources */,
				77DBDD771D361960009EEDD4 /* SYGasStatCell.m in Sources */,
				A20896BA1D1ED3AB00A626FC /* SYHomeController.m in Sources */,
				A20896721D1ECE2D00A626FC /* AppDelegate.m in Sources */,
				77DF1B301D37645A00133615 /* SYTravelIInfoController.m in Sources */,
				777417401D3B2856006083B3 /* SYGeofence.m in Sources */,
				77ED36321D4936B300836359 /* SYMainController.m in Sources */,
				778768A71D3F68CB006EAA50 /* SYAlarmStatCell.m in Sources */,
				A208966F1D1ECE2D00A626FC /* main.m in Sources */,
				77A67E1B1D2A60A300B071ED /* SYButton.m in Sources */,
				7792935F1D2AC2DA006A7E5E /* UIImage+Color.m in Sources */,
				77A67E0C1D2A04B700B071ED /* UIColor+HEX.m in Sources */,
				7720FDCC1D2DFB9D00713986 /* SYTravelDetailsController.m in Sources */,
				77DBDD711D36143F009EEDD4 /* SYGasStatController.m in Sources */,
				77DF1B2A1D372CFA00133615 /* UIView+Border.m in Sources */,
				77113B461D34E4C700E30577 /* SYCurrentLocationController.m in Sources */,
				778768A41D3F665F006EAA50 /* SYAlarmStatController.m in Sources */,
			);
			runOnlyForDeploymentPostprocessing = 0;
		};
		A208967F1D1ECE2D00A626FC /* Sources */ = {
			isa = PBXSourcesBuildPhase;
			buildActionMask = 2147483647;
			files = (
				A20896881D1ECE2D00A626FC /* SmartCarTests.m in Sources */,
			);
			runOnlyForDeploymentPostprocessing = 0;
		};
/* End PBXSourcesBuildPhase section */

/* Begin PBXTargetDependency section */
		A20896851D1ECE2D00A626FC /* PBXTargetDependency */ = {
			isa = PBXTargetDependency;
			target = A20896691D1ECE2D00A626FC /* SmartCar */;
			targetProxy = A20896841D1ECE2D00A626FC /* PBXContainerItemProxy */;
		};
/* End PBXTargetDependency section */

/* Begin PBXVariantGroup section */
		A208967B1D1ECE2D00A626FC /* LaunchScreen.storyboard */ = {
			isa = PBXVariantGroup;
			children = (
				A208967C1D1ECE2D00A626FC /* Base */,
			);
			name = LaunchScreen.storyboard;
			sourceTree = "<group>";
		};
/* End PBXVariantGroup section */

/* Begin XCBuildConfiguration section */
		A208968A1D1ECE2D00A626FC /* Debug */ = {
			isa = XCBuildConfiguration;
			buildSettings = {
				ALWAYS_SEARCH_USER_PATHS = NO;
				CLANG_CXX_LANGUAGE_STANDARD = "gnu++0x";
				CLANG_CXX_LIBRARY = "libc++";
				CLANG_ENABLE_MODULES = YES;
				CLANG_ENABLE_OBJC_ARC = YES;
				CLANG_WARN_BOOL_CONVERSION = YES;
				CLANG_WARN_CONSTANT_CONVERSION = YES;
				CLANG_WARN_DIRECT_OBJC_ISA_USAGE = YES_ERROR;
				CLANG_WARN_EMPTY_BODY = YES;
				CLANG_WARN_ENUM_CONVERSION = YES;
				CLANG_WARN_INT_CONVERSION = YES;
				CLANG_WARN_OBJC_ROOT_CLASS = YES_ERROR;
				CLANG_WARN_UNREACHABLE_CODE = YES;
				CLANG_WARN__DUPLICATE_METHOD_MATCH = YES;
				CODE_SIGN_IDENTITY = "iPhone Developer: wentao wu (86L624BTVY)";
				"CODE_SIGN_IDENTITY[sdk=iphoneos*]" = "iPhone Developer: wentao wu (86L624BTVY)";
				COPY_PHASE_STRIP = NO;
				DEBUG_INFORMATION_FORMAT = dwarf;
				ENABLE_STRICT_OBJC_MSGSEND = YES;
				ENABLE_TESTABILITY = YES;
				GCC_C_LANGUAGE_STANDARD = gnu99;
				GCC_DYNAMIC_NO_PIC = NO;
				GCC_NO_COMMON_BLOCKS = YES;
				GCC_OPTIMIZATION_LEVEL = 0;
				GCC_PREPROCESSOR_DEFINITIONS = (
					"DEBUG=1",
					"$(inherited)",
				);
				GCC_WARN_64_TO_32_BIT_CONVERSION = YES;
				GCC_WARN_ABOUT_RETURN_TYPE = YES_ERROR;
				GCC_WARN_UNDECLARED_SELECTOR = YES;
				GCC_WARN_UNINITIALIZED_AUTOS = YES_AGGRESSIVE;
				GCC_WARN_UNUSED_FUNCTION = YES;
				GCC_WARN_UNUSED_VARIABLE = YES;
				IPHONEOS_DEPLOYMENT_TARGET = 7.0;
				MTL_ENABLE_DEBUG_INFO = YES;
				ONLY_ACTIVE_ARCH = NO;
				PROVISIONING_PROFILE = "ea8945b0-663c-4fd8-88ef-df15135439fd";
				SDKROOT = iphoneos;
			};
			name = Debug;
		};
		A208968B1D1ECE2D00A626FC /* Release */ = {
			isa = XCBuildConfiguration;
			buildSettings = {
				ALWAYS_SEARCH_USER_PATHS = NO;
				CLANG_CXX_LANGUAGE_STANDARD = "gnu++0x";
				CLANG_CXX_LIBRARY = "libc++";
				CLANG_ENABLE_MODULES = YES;
				CLANG_ENABLE_OBJC_ARC = YES;
				CLANG_WARN_BOOL_CONVERSION = YES;
				CLANG_WARN_CONSTANT_CONVERSION = YES;
				CLANG_WARN_DIRECT_OBJC_ISA_USAGE = YES_ERROR;
				CLANG_WARN_EMPTY_BODY = YES;
				CLANG_WARN_ENUM_CONVERSION = YES;
				CLANG_WARN_INT_CONVERSION = YES;
				CLANG_WARN_OBJC_ROOT_CLASS = YES_ERROR;
				CLANG_WARN_UNREACHABLE_CODE = YES;
				CLANG_WARN__DUPLICATE_METHOD_MATCH = YES;
				CODE_SIGN_IDENTITY = "iPhone Developer: wentao wu (86L624BTVY)";
				"CODE_SIGN_IDENTITY[sdk=iphoneos*]" = "iPhone Developer: wentao wu (86L624BTVY)";
				COPY_PHASE_STRIP = NO;
				DEBUG_INFORMATION_FORMAT = "dwarf-with-dsym";
				ENABLE_NS_ASSERTIONS = NO;
				ENABLE_STRICT_OBJC_MSGSEND = YES;
				GCC_C_LANGUAGE_STANDARD = gnu99;
				GCC_NO_COMMON_BLOCKS = YES;
				GCC_WARN_64_TO_32_BIT_CONVERSION = YES;
				GCC_WARN_ABOUT_RETURN_TYPE = YES_ERROR;
				GCC_WARN_UNDECLARED_SELECTOR = YES;
				GCC_WARN_UNINITIALIZED_AUTOS = YES_AGGRESSIVE;
				GCC_WARN_UNUSED_FUNCTION = YES;
				GCC_WARN_UNUSED_VARIABLE = YES;
				IPHONEOS_DEPLOYMENT_TARGET = 7.0;
				MTL_ENABLE_DEBUG_INFO = NO;
				ONLY_ACTIVE_ARCH = NO;
				PROVISIONING_PROFILE = "ea8945b0-663c-4fd8-88ef-df15135439fd";
				SDKROOT = iphoneos;
				VALIDATE_PRODUCT = YES;
			};
			name = Release;
		};
		A208968D1D1ECE2D00A626FC /* Debug */ = {
			isa = XCBuildConfiguration;
			baseConfigurationReference = 65BA3DC3D94AC7A1630B4F7A /* Pods.debug.xcconfig */;
			buildSettings = {
				ASSETCATALOG_COMPILER_APPICON_NAME = AppIcon;
				CODE_SIGN_IDENTITY = "iPhone Developer: wentao wu (86L624BTVY)";
				"CODE_SIGN_IDENTITY[sdk=iphoneos*]" = "iPhone Developer: wentao wu (86L624BTVY)";
				ENABLE_BITCODE = NO;
				GCC_PRECOMPILE_PREFIX_HEADER = YES;
				GCC_PREFIX_HEADER = "$(SRCROOT)/SmartCar/SmartCar-prefix.pch";
				INFOPLIST_FILE = SmartCar/Info.plist;
				IPHONEOS_DEPLOYMENT_TARGET = 7.0;
				LD_RUNPATH_SEARCH_PATHS = "$(inherited) @executable_path/Frameworks";
				ONLY_ACTIVE_ARCH = YES;
				PRODUCT_BUNDLE_IDENTIFIER = com.payease.pushdemo;
				PRODUCT_NAME = "$(TARGET_NAME)";
				PROVISIONING_PROFILE = "ea8945b0-663c-4fd8-88ef-df15135439fd";
			};
			name = Debug;
		};
		A208968E1D1ECE2D00A626FC /* Release */ = {
			isa = XCBuildConfiguration;
			baseConfigurationReference = 1F45FD21067B0CBE24BB868A /* Pods.release.xcconfig */;
			buildSettings = {
				ASSETCATALOG_COMPILER_APPICON_NAME = AppIcon;
				CODE_SIGN_IDENTITY = "iPhone Developer: wentao wu (86L624BTVY)";
				"CODE_SIGN_IDENTITY[sdk=iphoneos*]" = "iPhone Developer: wentao wu (86L624BTVY)";
				ENABLE_BITCODE = NO;
				GCC_PRECOMPILE_PREFIX_HEADER = YES;
				GCC_PREFIX_HEADER = "$(SRCROOT)/SmartCar/SmartCar-prefix.pch";
				INFOPLIST_FILE = SmartCar/Info.plist;
				IPHONEOS_DEPLOYMENT_TARGET = 7.0;
				LD_RUNPATH_SEARCH_PATHS = "$(inherited) @executable_path/Frameworks";
				ONLY_ACTIVE_ARCH = YES;
				PRODUCT_BUNDLE_IDENTIFIER = com.payease.pushdemo;
				PRODUCT_NAME = "$(TARGET_NAME)";
				PROVISIONING_PROFILE = "ea8945b0-663c-4fd8-88ef-df15135439fd";
			};
			name = Release;
		};
		A20896901D1ECE2D00A626FC /* Debug */ = {
			isa = XCBuildConfiguration;
			buildSettings = {
				BUNDLE_LOADER = "$(TEST_HOST)";
				INFOPLIST_FILE = SmartCarTests/Info.plist;
				LD_RUNPATH_SEARCH_PATHS = "$(inherited) @executable_path/Frameworks @loader_path/Frameworks";
				PRODUCT_BUNDLE_IDENTIFIER = com.shengyu.SmartCarTests;
				PRODUCT_NAME = "$(TARGET_NAME)";
				TEST_HOST = "$(BUILT_PRODUCTS_DIR)/SmartCar.app/SmartCar";
			};
			name = Debug;
		};
		A20896911D1ECE2D00A626FC /* Release */ = {
			isa = XCBuildConfiguration;
			buildSettings = {
				BUNDLE_LOADER = "$(TEST_HOST)";
				INFOPLIST_FILE = SmartCarTests/Info.plist;
				LD_RUNPATH_SEARCH_PATHS = "$(inherited) @executable_path/Frameworks @loader_path/Frameworks";
				PRODUCT_BUNDLE_IDENTIFIER = com.shengyu.SmartCarTests;
				PRODUCT_NAME = "$(TARGET_NAME)";
				TEST_HOST = "$(BUILT_PRODUCTS_DIR)/SmartCar.app/SmartCar";
			};
			name = Release;
		};
/* End XCBuildConfiguration section */

/* Begin XCConfigurationList section */
		A20896651D1ECE2D00A626FC /* Build configuration list for PBXProject "SmartCar" */ = {
			isa = XCConfigurationList;
			buildConfigurations = (
				A208968A1D1ECE2D00A626FC /* Debug */,
				A208968B1D1ECE2D00A626FC /* Release */,
			);
			defaultConfigurationIsVisible = 0;
			defaultConfigurationName = Release;
		};
		A208968C1D1ECE2D00A626FC /* Build configuration list for PBXNativeTarget "SmartCar" */ = {
			isa = XCConfigurationList;
			buildConfigurations = (
				A208968D1D1ECE2D00A626FC /* Debug */,
				A208968E1D1ECE2D00A626FC /* Release */,
			);
			defaultConfigurationIsVisible = 0;
			defaultConfigurationName = Release;
		};
		A208968F1D1ECE2D00A626FC /* Build configuration list for PBXNativeTarget "SmartCarTests" */ = {
			isa = XCConfigurationList;
			buildConfigurations = (
				A20896901D1ECE2D00A626FC /* Debug */,
				A20896911D1ECE2D00A626FC /* Release */,
			);
			defaultConfigurationIsVisible = 0;
			defaultConfigurationName = Release;
		};
/* End XCConfigurationList section */
	};
	rootObject = A20896621D1ECE2D00A626FC /* Project object */;
}
